
Microsoft Visual Studio Solution File, Format Version 12.00
# Visual Studio 15
VisualStudioVersion = 15.0.28010.2041
MinimumVisualStudioVersion = 10.0.40219.1
Project("{FAE04EC0-301F-11D3-BF4B-00C04F79EFBC}") = "GetValuesFromDictionaryInCSharp", "GetValuesFromDictionaryInCSharp\GetValuesFromDictionaryInCSharp.csproj", "{00C7A279-0BF9-4193-9858-A70FA73342C3}"
EndProject
Global
	GlobalSection(SolutionConfigurationPlatforms) = preSolution
		Debug|Any CPU = Debug|Any CPU
		Release|Any CPU = Release|Any CPU
	EndGlobalSection
	GlobalSection(ProjectConfigurationPlatforms) = postSolution
		{00C7A279-0BF9-4193-9858-A70FA73342C3}.Debug|Any CPU.ActiveCfg = Debug|Any CPU
		{00C7A279-0BF9-4193-9858-A70FA73342C3}.Debug|Any CPU.Build.0 = Debug|Any CPU
		{00C7A279-0BF9-4193-9858-A70FA73342C3}.Release|Any CPU.ActiveCfg = Release|Any CPU
		{00C7A279-0BF9-4193-9858-A70FA73342C3}.Release|Any CPU.Build.0 = Release|Any CPU
	EndGlobalSection
	GlobalSection(SolutionProperties) = preSolution
		HideSolutionNode = FALSE
	EndGlobalSection
	GlobalSection(ExtensibilityGlobals) = postSolution
		SolutionGuid = {1CF3B124-4714-4E2A-95B4-0DD3D53510E9}
	EndGlobalSection
EndGlobal
